// !$*UTF8*$!
{
	archiveVersion = 1;
	classes = {
	};
	objectVersion = 46;
	objects = {

/* Begin PBXGroup section */
		A7E4DD8A1C1E1BE00043743A = {
			isa = PBXGroup;
			children = (
			);
			sourceTree = "<group>";
		};
/* End PBXGroup section */

/* Begin PBXProject section */
		A7E4DD8B1C1E1BE00043743A /* Project object */ = {
			isa = PBXProject;
			attributes = {
				LastUpgradeCheck = 0630;
			};
			buildConfigurationList = A7E4DD8E1C1E1BE10043743A /* Build configuration list for PBXProject "Reto1" */;
			compatibilityVersion = "Xcode 3.2";
			developmentRegion = English;
			hasScannedForEncodings = 0;
			knownRegions = (
				en,
			);
			mainGroup = A7E4DD8A1C1E1BE00043743A;
			projectDirPath = "";
			projectRoot = "";
			targets = (
			);
		};
/* End PBXProject section */

/* Begin XCBuildConfiguration section */
		A7E4DD8F1C1E1BE10043743A /* Debug */ = {
			isa = XCBuildConfiguration;
			buildSettings = {
			};
			name = Debug;
		};
		A7E4DD901C1E1BE10043743A /* Release */ = {
			isa = XCBuildConfiguration;
			buildSettings = {
			};
			name = Release;
		};
/* End XCBuildConfiguration section */

/* Begin XCConfigurationList section */
		A7E4DD8E1C1E1BE10043743A /* Build configuration list for PBXProject "Reto1" */ = {
			isa = XCConfigurationList;
			buildConfigurations = (
				A7E4DD8F1C1E1BE10043743A /* Debug */,
				A7E4DD901C1E1BE10043743A /* Release */,
			);
			defaultConfigurationIsVisible = 0;
			defaultConfigurationName = Release;
		};
/* End XCConfigurationList section */
	};
	rootObject = A7E4DD8B1C1E1BE00043743A /* Project object */;
}
